github.com/couchbase/gocbcore/v8 v8.0.0-alpha.5.0.20190822080250-9bba5ee0a3db h1:g5/9lpSUekNeszP0nuNHxWvat4fGRoYQuS7HFkfCvvQ=
github.com/couchbase/gocbcore/v8 v8.0.0-alpha.5.0.20190822080250-9bba5ee0a3db/go.mod h1:ffhLs3F/rbsp3S5L4C8vOGixYWbDYivgokZ+vTZivOo=
github.com/couchbase/gocbcore/v8 v8.0.0-alpha.5.0.20190910164800-32bdceff1493 h1:Ve7Oj3IJPumF0TllUvO4k5lBiDD6I6/pg5oLfOnMypE=
github.com/couchbase/gocbcore/v8 v8.0.0-alpha.5.0.20190910164800-32bdceff1493/go.mod h1:ffhLs3F/rbsp3S5L4C8vOGixYWbDYivgokZ+vTZivOo=
github.com/couchbase/gocbcore/v8 v8.0.0-alpha.5.0.20190912063440-e96c73e8b2a3 h1:vLV3W6TWx8RVG9cFFSdp8z7DOPuP3v6Uw+3lvf7Yaqk=
github.com/couchbase/gocbcore/v8 v8.0.0-alpha.5.0.20190912063440-e96c73e8b2a3/go.mod h1:ffhLs3F/rbsp3S5L4C8vOGixYWbDYivgokZ+vTZivOo=
github.com/couchbaselabs/gocbconnstr v1.0.3 h1:rkHC5N0ecbZ1NU7671ubApRdhSVc4rsulTEQ0W8O1uw=
github.com/couchbaselabs/gocbconnstr v1.0.3/go.mod h1:Mg0VKc6azyPXhSq4b/xwsrW30ORe+H5L5hucCweYhj8=
github.com/couchbaselabs/gojcbmock v1.0.3 h1:Ueenew8eiSM50pgHWV9+LThTB/aG29M2+LrxdjKasyU=
github.com/couchbaselabs/gojcbmock v1.0.3/go.mod h1:Nc79KNEoRYsg4JELLhXzs89rTlEKO8lFrwOWxP31xKc=
github.com/couchbaselabs/jsonx v1.0.0 h1:HARrAleRQAR/8AUkgR+oU9/u2DcomPlzxVxwukvph9s=
github.com/couchbaselabs/jsonx v1.0.0/go.mod h1:lasGokRBGY0JX9hxzUH0F2C1HZ1B+aNQZnx5+sME0do=
github.com/golang/snappy v0.0.1 h1:Qgr9rKW7uDUkrbSmQeiDsGa8SjGyCOGtuasMWwvp2P4=
github.com/golang/snappy v0.0.1/go.mod h1:/XxbfmMg8lxefKM7IXC3fBNl/7bRcc72aCRzEWrmP2Q=
github.com/google/uuid v1.1.1 h1:Gkbcsh/GbpXz7lPftLA3P6TYMwjCLYm83jiFQZF/3gY=
github.com/google/uuid v1.1.1/go.mod h1:TIyPZe4MgqvfeYDBFedMoGGpEw/LqOeaOT+nhxU+yHo=
github.com/pkg/errors v0.8.1 h1:iURUrRGxPUNPdy5/HRSm+Yj6okJ6UtLINN0Q9M4+h3I=
github.com/pkg/errors v0.8.1/go.mod h1:bwawxfHBFNV+L2hUp1rHADufV3IMtnDRdf1r5NINEl0=
golang.org/x/crypto v0.0.0-20190308221718-c2843e01d9a2 h1:VklqNMn3ovrHsnt90PveolxSbWFaJdECFbxSq0Mqo2M=
golang.org/x/crypto v0.0.0-20190308221718-c2843e01d9a2/go.mod h1:djNgcEr1/C05ACkg1iLfiJU5Ep61QUkGW8qpdssI0+w=
golang.org/x/net v0.0.0-20190311183353-d8887717615a h1:oWX7TPOiFAMXLq8o0ikBYfCJVlRHBcsciT5bXOrH628=
golang.org/x/net v0.0.0-20190311183353-d8887717615a/go.mod h1:t9HGtf8HONx5eT2rtn7q6eTqICYqUVnKs3thJo3Qplg=
golang.org/x/sync v0.0.0-20190423024810-112230192c58 h1:8gQV6CLnAEikrhgkHFbMAEhagSSnXWGV915qUMm9mrU=
golang.org/x/sync v0.0.0-20190423024810-112230192c58/go.mod h1:RxMgew5VJxzue5/jJTE5uejpjVlOe/izrB70Jof72aM=
golang.org/x/sys v0.0.0-20190215142949-d0b11bdaac8a h1:1BGLXjeY4akVXGgbC9HugT3Jv3hCI0z56oJR5vAMgBU=
golang.org/x/sys v0.0.0-20190215142949-d0b11bdaac8a/go.mod h1:STP8DvDyc/dI5b8T5hshtkjS+E42TnysNCUPdjciGhY=
golang.org/x/text v0.3.0 h1:g61tztE5qeGQ89tm6NTjjM9VPIm088od1l6aSorWRWg=
golang.org/x/text v0.3.0/go.mod h1:NqM8EUOU14njkJ3fqMW+pc6Ldnwhi/IjpwHt7yyuwOQ=
